// !$*UTF8*$!
{
	archiveVersion = 1;
	classes = {
	};
	objectVersion = 50;
	objects = {

/* Begin PBXBuildFile section */
		D9FF76BB239AB7480082F677 /* AppDelegate.swift in Sources */ = {isa = PBXBuildFile; fileRef = D9FF76BA239AB7480082F677 /* AppDelegate.swift */; };
		D9FF76BD239AB7480082F677 /* SceneDelegate.swift in Sources */ = {isa = PBXBuildFile; fileRef = D9FF76BC239AB7480082F677 /* SceneDelegate.swift */; };
		D9FF76BF239AB7480082F677 /* ViewController.swift in Sources */ = {isa = PBXBuildFile; fileRef = D9FF76BE239AB7480082F677 /* ViewController.swift */; };
		D9FF76C2239AB7480082F677 /* Main.storyboard in Resources */ = {isa = PBXBuildFile; fileRef = D9FF76C0239AB7480082F677 /* Main.storyboard */; };
		D9FF76C5239AB7480082F677 /* MC5_FirstTest.xcdatamodeld in Sources */ = {isa = PBXBuildFile; fileRef = D9FF76C3239AB7480082F677 /* MC5_FirstTest.xcdatamodeld */; };
		D9FF76C7239AB74B0082F677 /* Assets.xcassets in Resources */ = {isa = PBXBuildFile; fileRef = D9FF76C6239AB74B0082F677 /* Assets.xcassets */; };
		D9FF76CA239AB74B0082F677 /* LaunchScreen.storyboard in Resources */ = {isa = PBXBuildFile; fileRef = D9FF76C8239AB74B0082F677 /* LaunchScreen.storyboard */; };
/* End PBXBuildFile section */

/* Begin PBXFileReference section */
		D9FF76B7239AB7480082F677 /* MC5 FirstTest.app */ = {isa = PBXFileReference; explicitFileType = wrapper.application; includeInIndex = 0; path = "MC5 FirstTest.app"; sourceTree = BUILT_PRODUCTS_DIR; };
		D9FF76BA239AB7480082F677 /* AppDelegate.swift */ = {isa = PBXFileReference; lastKnownFileType = sourcecode.swift; path = AppDelegate.swift; sourceTree = "<group>"; };
		D9FF76BC239AB7480082F677 /* SceneDelegate.swift */ = {isa = PBXFileReference; lastKnownFileType = sourcecode.swift; path = SceneDelegate.swift; sourceTree = "<group>"; };
		D9FF76BE239AB7480082F677 /* ViewController.swift */ = {isa = PBXFileReference; lastKnownFileType = sourcecode.swift; path = ViewController.swift; sourceTree = "<group>"; };
		D9FF76C1239AB7480082F677 /* Base */ = {isa = PBXFileReference; lastKnownFileType = file.storyboard; name = Base; path = Base.lproj/Main.storyboard; sourceTree = "<group>"; };
		D9FF76C4239AB7480082F677 /* MC5_FirstTest.xcdatamodel */ = {isa = PBXFileReference; lastKnownFileType = wrapper.xcdatamodel; path = MC5_FirstTest.xcdatamodel; sourceTree = "<group>"; };
		D9FF76C6239AB74B0082F677 /* Assets.xcassets */ = {isa = PBXFileReference; lastKnownFileType = folder.assetcatalog; path = Assets.xcassets; sourceTree = "<group>"; };
		D9FF76C9239AB74B0082F677 /* Base */ = {isa = PBXFileReference; lastKnownFileType = file.storyboard; name = Base; path = Base.lproj/LaunchScreen.storyboard; sourceTree = "<group>"; };
		D9FF76CB239AB74B0082F677 /* Info.plist */ = {isa = PBXFileReference; lastKnownFileType = text.plist.xml; path = Info.plist; sourceTree = "<group>"; };
/* End PBXFileReference section */

/* Begin PBXFrameworksBuildPhase section */
		D9FF76B4239AB7480082F677 /* Frameworks */ = {
			isa = PBXFrameworksBuildPhase;
			buildActionMask = 2147483647;
			files = (
			);
			runOnlyForDeploymentPostprocessing = 0;
		};
/* End PBXFrameworksBuildPhase section */

/* Begin PBXGroup section */
		D9FF76AE239AB7480082F677 = {
			isa = PBXGroup;
			children = (
				D9FF76B9239AB7480082F677 /* MC5 FirstTest */,
				D9FF76B8239AB7480082F677 /* Products */,
			);
			sourceTree = "<group>";
		};
		D9FF76B8239AB7480082F677 /* Products */ = {
			isa = PBXGroup;
			children = (
				D9FF76B7239AB7480082F677 /* MC5 FirstTest.app */,
			);
			name = Products;
			sourceTree = "<group>";
		};
		D9FF76B9239AB7480082F677 /* MC5 FirstTest */ = {
			isa = PBXGroup;
			children = (
				D9FF76BA239AB7480082F677 /* AppDelegate.swift */,
				D9FF76BC239AB7480082F677 /* SceneDelegate.swift */,
				D9FF76BE239AB7480082F677 /* ViewController.swift */,
				D9FF76C0239AB7480082F677 /* Main.storyboard */,
				D9FF76C6239AB74B0082F677 /* Assets.xcassets */,
				D9FF76C8239AB74B0082F677 /* LaunchScreen.storyboard */,
				D9FF76CB239AB74B0082F677 /* Info.plist */,
				D9FF76C3239AB7480082F677 /* MC5_FirstTest.xcdatamodeld */,
			);
			path = "MC5 FirstTest";
			sourceTree = "<group>";
		};
/* End PBXGroup section */

/* Begin PBXNativeTarget section */
		D9FF76B6239AB7480082F677 /* MC5 FirstTest */ = {
			isa = PBXNativeTarget;
			buildConfigurationList = D9FF76CE239AB74B0082F677 /* Build configuration list for PBXNativeTarget "MC5 FirstTest" */;
			buildPhases = (
				D9FF76B3239AB7480082F677 /* Sources */,
				D9FF76B4239AB7480082F677 /* Frameworks */,
				D9FF76B5239AB7480082F677 /* Resources */,
			);
			buildRules = (
			);
			dependencies = (
			);
			name = "MC5 FirstTest";
			productName = "MC5 FirstTest";
			productReference = D9FF76B7239AB7480082F677 /* MC5 FirstTest.app */;
			productType = "com.apple.product-type.application";
		};
/* End PBXNativeTarget section */

/* Begin PBXProject section */
		D9FF76AF239AB7480082F677 /* Project object */ = {
			isa = PBXProject;
			attributes = {
				LastSwiftUpdateCheck = 1100;
				LastUpgradeCheck = 1100;
				ORGANIZATIONNAME = "Pedro Henrique Guedes Silveira";
				TargetAttributes = {
					D9FF76B6239AB7480082F677 = {
						CreatedOnToolsVersion = 11.0;
					};
				};
			};
			buildConfigurationList = D9FF76B2239AB7480082F677 /* Build configuration list for PBXProject "MC5 FirstTest" */;
			compatibilityVersion = "Xcode 9.3";
			developmentRegion = en;
			hasScannedForEncodings = 0;
			knownRegions = (
				en,
				Base,
			);
			mainGroup = D9FF76AE239AB7480082F677;
			productRefGroup = D9FF76B8239AB7480082F677 /* Products */;
			projectDirPath = "";
			projectRoot = "";
			targets = (
				D9FF76B6239AB7480082F677 /* MC5 FirstTest */,
			);
		};
/* End PBXProject section */

/* Begin PBXResourcesBuildPhase section */
		D9FF76B5239AB7480082F677 /* Resources */ = {
			isa = PBXResourcesBuildPhase;
			buildActionMask = 2147483647;
			files = (
				D9FF76CA239AB74B0082F677 /* LaunchScreen.storyboard in Resources */,
				D9FF76C7239AB74B0082F677 /* Assets.xcassets in Resources */,
				D9FF76C2239AB7480082F677 /* Main.storyboard in Resources */,
			);
			runOnlyForDeploymentPostprocessing = 0;
		};
/* End PBXResourcesBuildPhase section */

/* Begin PBXSourcesBuildPhase section */
		D9FF76B3239AB7480082F677 /* Sources */ = {
			isa = PBXSourcesBuildPhase;
			buildActionMask = 2147483647;
			files = (
				D9FF76BF239AB7480082F677 /* ViewController.swift in Sources */,
				D9FF76BB239AB7480082F677 /* AppDelegate.swift in Sources */,
				D9FF76C5239AB7480082F677 /* MC5_FirstTest.xcdatamodeld in Sources */,
				D9FF76BD239AB7480082F677 /* SceneDelegate.swift in Sources */,
			);
			runOnlyForDeploymentPostprocessing = 0;
		};
/* End PBXSourcesBuildPhase section */

/* Begin PBXVariantGroup section */
		D9FF76C0239AB7480082F677 /* Main.storyboard */ = {
			isa = PBXVariantGroup;
			children = (
				D9FF76C1239AB7480082F677 /* Base */,
			);
			name = Main.storyboard;
			sourceTree = "<group>";
		};
		D9FF76C8239AB74B0082F677 /* LaunchScreen.storyboard */ = {
			isa = PBXVariantGroup;
			children = (
				D9FF76C9239AB74B0082F677 /* Base */,
			);
			name = LaunchScreen.storyboard;
			sourceTree = "<group>";
		};
/* End PBXVariantGroup section */

/* Begin XCBuildConfiguration section */
		D9FF76CC239AB74B0082F677 /* Debug */ = {
			isa = XCBuildConfiguration;
			buildSettings = {
				ALWAYS_SEARCH_USER_PATHS = NO;
				CLANG_ANALYZER_NONNULL = YES;
				CLANG_ANALYZER_NUMBER_OBJECT_CONVERSION = YES_AGGRESSIVE;
				CLANG_CXX_LANGUAGE_STANDARD = "gnu++14";
				CLANG_CXX_LIBRARY = "libc++";
				CLANG_ENABLE_MODULES = YES;
				CLANG_ENABLE_OBJC_ARC = YES;
				CLANG_ENABLE_OBJC_WEAK = YES;
				CLANG_WARN_BLOCK_CAPTURE_AUTORELEASING = YES;
				CLANG_WARN_BOOL_CONVERSION = YES;
				CLANG_WARN_COMMA = YES;
				CLANG_WARN_CONSTANT_CONVERSION = YES;
				CLANG_WARN_DEPRECATED_OBJC_IMPLEMENTATIONS = YES;
				CLANG_WARN_DIRECT_OBJC_ISA_USAGE = YES_ERROR;
				CLANG_WARN_DOCUMENTATION_COMMENTS = YES;
				CLANG_WARN_EMPTY_BODY = YES;
				CLANG_WARN_ENUM_CONVERSION = YES;
				CLANG_WARN_INFINITE_RECURSION = YES;
				CLANG_WARN_INT_CONVERSION = YES;
				CLANG_WARN_NON_LITERAL_NULL_CONVERSION = YES;
				CLANG_WARN_OBJC_IMPLICIT_RETAIN_SELF = YES;
				CLANG_WARN_OBJC_LITERAL_CONVERSION = YES;
				CLANG_WARN_OBJC_ROOT_CLASS = YES_ERROR;
				CLANG_WARN_RANGE_LOOP_ANALYSIS = YES;
				CLANG_WARN_STRICT_PROTOTYPES = YES;
				CLANG_WARN_SUSPICIOUS_MOVE = YES;
				CLANG_WARN_UNGUARDED_AVAILABILITY = YES_AGGRESSIVE;
				CLANG_WARN_UNREACHABLE_CODE = YES;
				CLANG_WARN__DUPLICATE_METHOD_MATCH = YES;
				COPY_PHASE_STRIP = NO;
				DEBUG_INFORMATION_FORMAT = dwarf;
				ENABLE_STRICT_OBJC_MSGSEND = YES;
				ENABLE_TESTABILITY = YES;
				GCC_C_LANGUAGE_STANDARD = gnu11;
				GCC_DYNAMIC_NO_PIC = NO;
				GCC_NO_COMMON_BLOCKS = YES;
				GCC_OPTIMIZATION_LEVEL = 0;
				GCC_PREPROCESSOR_DEFINITIONS = (
					"DEBUG=1",
					"$(inherited)",
				);
				GCC_WARN_64_TO_32_BIT_CONVERSION = YES;
				GCC_WARN_ABOUT_RETURN_TYPE = YES_ERROR;
				GCC_WARN_UNDECLARED_SELECTOR = YES;
				GCC_WARN_UNINITIALIZED_AUTOS = YES_AGGRESSIVE;
				GCC_WARN_UNUSED_FUNCTION = YES;
				GCC_WARN_UNUSED_VARIABLE = YES;
				IPHONEOS_DEPLOYMENT_TARGET = 13.0;
				MTL_ENABLE_DEBUG_INFO = INCLUDE_SOURCE;
				MTL_FAST_MATH = YES;
				ONLY_ACTIVE_ARCH = YES;
				SDKROOT = iphoneos;
				SWIFT_ACTIVE_COMPILATION_CONDITIONS = DEBUG;
				SWIFT_OPTIMIZATION_LEVEL = "-Onone";
			};
			name = Debug;
		};
		D9FF76CD239AB74B0082F677 /* Release */ = {
			isa = XCBuildConfiguration;
			buildSettings = {
				ALWAYS_SEARCH_USER_PATHS = NO;
				CLANG_ANALYZER_NONNULL = YES;
				CLANG_ANALYZER_NUMBER_OBJECT_CONVERSION = YES_AGGRESSIVE;
				CLANG_CXX_LANGUAGE_STANDARD = "gnu++14";
				CLANG_CXX_LIBRARY = "libc++";
				CLANG_ENABLE_MODULES = YES;
				CLANG_ENABLE_OBJC_ARC = YES;
				CLANG_ENABLE_OBJC_WEAK = YES;
				CLANG_WARN_BLOCK_CAPTURE_AUTORELEASING = YES;
				CLANG_WARN_BOOL_CONVERSION = YES;
				CLANG_WARN_COMMA = YES;
				CLANG_WARN_CONSTANT_CONVERSION = YES;
				CLANG_WARN_DEPRECATED_OBJC_IMPLEMENTATIONS = YES;
				CLANG_WARN_DIRECT_OBJC_ISA_USAGE = YES_ERROR;
				CLANG_WARN_DOCUMENTATION_COMMENTS = YES;
				CLANG_WARN_EMPTY_BODY = YES;
				CLANG_WARN_ENUM_CONVERSION = YES;
				CLANG_WARN_INFINITE_RECURSION = YES;
				CLANG_WARN_INT_CONVERSION = YES;
				CLANG_WARN_NON_LITERAL_NULL_CONVERSION = YES;
				CLANG_WARN_OBJC_IMPLICIT_RETAIN_SELF = YES;
				CLANG_WARN_OBJC_LITERAL_CONVERSION = YES;
				CLANG_WARN_OBJC_ROOT_CLASS = YES_ERROR;
				CLANG_WARN_RANGE_LOOP_ANALYSIS = YES;
				CLANG_WARN_STRICT_PROTOTYPES = YES;
				CLANG_WARN_SUSPICIOUS_MOVE = YES;
				CLANG_WARN_UNGUARDED_AVAILABILITY = YES_AGGRESSIVE;
				CLANG_WARN_UNREACHABLE_CODE = YES;
				CLANG_WARN__DUPLICATE_METHOD_MATCH = YES;
				COPY_PHASE_STRIP = NO;
				DEBUG_INFORMATION_FORMAT = "dwarf-with-dsym";
				ENABLE_NS_ASSERTIONS = NO;
				ENABLE_STRICT_OBJC_MSGSEND = YES;
				GCC_C_LANGUAGE_STANDARD = gnu11;
				GCC_NO_COMMON_BLOCKS = YES;
				GCC_WARN_64_TO_32_BIT_CONVERSION = YES;
				GCC_WARN_ABOUT_RETURN_TYPE = YES_ERROR;
				GCC_WARN_UNDECLARED_SELECTOR = YES;
				GCC_WARN_UNINITIALIZED_AUTOS = YES_AGGRESSIVE;
				GCC_WARN_UNUSED_FUNCTION = YES;
				GCC_WARN_UNUSED_VARIABLE = YES;
				IPHONEOS_DEPLOYMENT_TARGET = 13.0;
				MTL_ENABLE_DEBUG_INFO = NO;
				MTL_FAST_MATH = YES;
				SDKROOT = iphoneos;
				SWIFT_COMPILATION_MODE = wholemodule;
				SWIFT_OPTIMIZATION_LEVEL = "-O";
				VALIDATE_PRODUCT = YES;
			};
			name = Release;
		};
		D9FF76CF239AB74B0082F677 /* Debug */ = {
			isa = XCBuildConfiguration;
			buildSettings = {
				ASSETCATALOG_COMPILER_APPICON_NAME = AppIcon;
				CODE_SIGN_STYLE = Automatic;
				DEVELOPMENT_TEAM = Q9Y63W6Q4X;
				INFOPLIST_FILE = "MC5 FirstTest/Info.plist";
				LD_RUNPATH_SEARCH_PATHS = (
					"$(inherited)",
					"@executable_path/Frameworks",
				);
				PRODUCT_BUNDLE_IDENTIFIER = "com.guedes.MC5-FirstTest";
				PRODUCT_NAME = "$(TARGET_NAME)";
				SWIFT_VERSION = 5.0;
				TARGETED_DEVICE_FAMILY = "1,2";
			};
			name = Debug;
		};
		D9FF76D0239AB74B0082F677 /* Release */ = {
			isa = XCBuildConfiguration;
			buildSettings = {
				ASSETCATALOG_COMPILER_APPICON_NAME = AppIcon;
				CODE_SIGN_STYLE = Automatic;
				DEVELOPMENT_TEAM = Q9Y63W6Q4X;
				INFOPLIST_FILE = "MC5 FirstTest/Info.plist";
				LD_RUNPATH_SEARCH_PATHS = (
					"$(inherited)",
					"@executable_path/Frameworks",
				);
				PRODUCT_BUNDLE_IDENTIFIER = "com.guedes.MC5-FirstTest";
				PRODUCT_NAME = "$(TARGET_NAME)";
				SWIFT_VERSION = 5.0;
				TARGETED_DEVICE_FAMILY = "1,2";
			};
			name = Release;
		};
/* End XCBuildConfiguration section */

/* Begin XCConfigurationList section */
		D9FF76B2239AB7480082F677 /* Build configuration list for PBXProject "MC5 FirstTest" */ = {
			isa = XCConfigurationList;
			buildConfigurations = (
				D9FF76CC239AB74B0082F677 /* Debug */,
				D9FF76CD239AB74B0082F677 /* Release */,
			);
			defaultConfigurationIsVisible = 0;
			defaultConfigurationName = Release;
		};
		D9FF76CE239AB74B0082F677 /* Build configuration list for PBXNativeTarget "MC5 FirstTest" */ = {
			isa = XCConfigurationList;
			buildConfigurations = (
				D9FF76CF239AB74B0082F677 /* Debug */,
				D9FF76D0239AB74B0082F677 /* Release */,
			);
			defaultConfigurationIsVisible = 0;
			defaultConfigurationName = Release;
		};
/* End XCConfigurationList section */

/* Begin XCVersionGroup section */
		D9FF76C3239AB7480082F677 /* MC5_FirstTest.xcdatamodeld */ = {
			isa = XCVersionGroup;
			children = (
				D9FF76C4239AB7480082F677 /* MC5_FirstTest.xcdatamodel */,
			);
			currentVersion = D9FF76C4239AB7480082F677 /* MC5_FirstTest.xcdatamodel */;
			path = MC5_FirstTest.xcdatamodeld;
			sourceTree = "<group>";
			versionGroupType = wrapper.xcdatamodel;
		};
/* End XCVersionGroup section */
	};
	rootObject = D9FF76AF239AB7480082F677 /* Project object */;
}
